
Microsoft Visual Studio Solution File, Format Version 12.00
# Visual Studio Version 16
VisualStudioVersion = 16.0.31702.278
MinimumVisualStudioVersion = 10.0.40219.1
Project("{FAE04EC0-301F-11D3-BF4B-00C04F79EFBC}") = "FitnessDomein", "classes\FitnessDomein.csproj", "{07DECABF-F438-4726-93F1-C3B3A30F0717}"
EndProject
Project("{FAE04EC0-301F-11D3-BF4B-00C04F79EFBC}") = "fitness", "fitness\fitness.csproj", "{F415E2C0-9410-450C-BF3E-B3B5B80C597D}"
EndProject
Project("{FAE04EC0-301F-11D3-BF4B-00C04F79EFBC}") = "FitnessData", "FitnessData\FitnessData.csproj", "{C3811B4F-4653-4CBC-8826-A305E39AE93A}"
EndProject
Global
	GlobalSection(SolutionConfigurationPlatforms) = preSolution
		Debug|Any CPU = Debug|Any CPU
		Release|Any CPU = Release|Any CPU
	EndGlobalSection
	GlobalSection(ProjectConfigurationPlatforms) = postSolution
		{07DECABF-F438-4726-93F1-C3B3A30F0717}.Debug|Any CPU.ActiveCfg = Debug|Any CPU
		{07DECABF-F438-4726-93F1-C3B3A30F0717}.Debug|Any CPU.Build.0 = Debug|Any CPU
		{07DECABF-F438-4726-93F1-C3B3A30F0717}.Release|Any CPU.ActiveCfg = Release|Any CPU
		{07DECABF-F438-4726-93F1-C3B3A30F0717}.Release|Any CPU.Build.0 = Release|Any CPU
		{F415E2C0-9410-450C-BF3E-B3B5B80C597D}.Debug|Any CPU.ActiveCfg = Debug|Any CPU
		{F415E2C0-9410-450C-BF3E-B3B5B80C597D}.Debug|Any CPU.Build.0 = Debug|Any CPU
		{F415E2C0-9410-450C-BF3E-B3B5B80C597D}.Release|Any CPU.ActiveCfg = Release|Any CPU
		{F415E2C0-9410-450C-BF3E-B3B5B80C597D}.Release|Any CPU.Build.0 = Release|Any CPU
		{C3811B4F-4653-4CBC-8826-A305E39AE93A}.Debug|Any CPU.ActiveCfg = Debug|Any CPU
		{C3811B4F-4653-4CBC-8826-A305E39AE93A}.Debug|Any CPU.Build.0 = Debug|Any CPU
		{C3811B4F-4653-4CBC-8826-A305E39AE93A}.Release|Any CPU.ActiveCfg = Release|Any CPU
		{C3811B4F-4653-4CBC-8826-A305E39AE93A}.Release|Any CPU.Build.0 = Release|Any CPU
	EndGlobalSection
	GlobalSection(SolutionProperties) = preSolution
		HideSolutionNode = FALSE
	EndGlobalSection
	GlobalSection(ExtensibilityGlobals) = postSolution
		SolutionGuid = {EC4CE5A9-4B18-4698-8B2D-59C26CA7994A}
	EndGlobalSection
EndGlobal
